
Microsoft Visual Studio Solution File, Format Version 12.00
# Visual Studio Version 16
VisualStudioVersion = 16.0.31911.196
MinimumVisualStudioVersion = 10.0.40219.1
Project("{9A19103F-16F7-4668-BE54-9A1E7A4F7556}") = "Sparky", "Sparky\Sparky.csproj", "{3C97B637-0D4D-4BFE-B9A3-7F70729C3ED8}"
EndProject
Project("{9A19103F-16F7-4668-BE54-9A1E7A4F7556}") = "SparkyMSTest", "SparkyMSTest\SparkyMSTest.csproj", "{65BAB638-3B59-4DFA-B304-315649966CF3}"
EndProject
Project("{9A19103F-16F7-4668-BE54-9A1E7A4F7556}") = "SparkyNUnitTest", "SparkyNUnitTest\SparkyNUnitTest.csproj", "{5D9D553C-8753-42D2-B918-C592292D19F0}"
EndProject
Project("{2150E333-8FDC-42A3-9474-1A3956D46DE8}") = "Basic Foundation", "Basic Foundation", "{8DA51B54-94C3-4343-8A1A-FBA28AFFCF20}"
EndProject
Project("{2150E333-8FDC-42A3-9474-1A3956D46DE8}") = "BongoWeb", "BongoWeb", "{8C0DFB5F-4237-4AA6-A762-D0E83F7C12E5}"
EndProject
Project("{9A19103F-16F7-4668-BE54-9A1E7A4F7556}") = "Bongo.Core", "Bongo_InitialSetup (.NET 5)\Bongo.Core\Bongo.Core.csproj", "{219F0E62-3CD9-44C3-9C26-E87357E40E4F}"
EndProject
Project("{9A19103F-16F7-4668-BE54-9A1E7A4F7556}") = "Bongo.DataAccess", "Bongo_InitialSetup (.NET 5)\Bongo.DataAccess\Bongo.DataAccess.csproj", "{87926F3F-80AB-4C0F-862F-28759EE78ED8}"
EndProject
Project("{9A19103F-16F7-4668-BE54-9A1E7A4F7556}") = "Bongo.Models", "Bongo_InitialSetup (.NET 5)\Bongo.Models\Bongo.Models.csproj", "{A22B8DE7-B492-4C33-B640-BF5F2A23AAAE}"
EndProject
Project("{9A19103F-16F7-4668-BE54-9A1E7A4F7556}") = "Bongo.Web", "Bongo_InitialSetup (.NET 5)\Bongo.Web\Bongo.Web.csproj", "{99FF6931-BC56-43CC-B6ED-57F8850626BF}"
EndProject
Project("{FAE04EC0-301F-11D3-BF4B-00C04F79EFBC}") = "Bongo.Models.Tests", "Bongo.Models.Tests\Bongo.Models.Tests.csproj", "{913FAF1A-89AA-4C92-B233-CBF7F7D4F88F}"
EndProject
Project("{FAE04EC0-301F-11D3-BF4B-00C04F79EFBC}") = "Bongo.DataAccess.Tests", "Bongo.DataAccess.Tests\Bongo.DataAccess.Tests.csproj", "{B3CD11F1-1198-49E4-97F4-286963146A9E}"
EndProject
Project("{FAE04EC0-301F-11D3-BF4B-00C04F79EFBC}") = "Bongo.Core.Tests", "Bongo.Core.Tests\Bongo.Core.Tests.csproj", "{AF6C2C5F-7288-44F6-B804-EE3FA164B0E9}"
EndProject
Project("{FAE04EC0-301F-11D3-BF4B-00C04F79EFBC}") = "Bongo.Web.Tests", "Bongo.Web.Tests\Bongo.Web.Tests.csproj", "{FE3BCA3A-9621-4E1D-BA6D-9BC9EF67A787}"
EndProject
Global
	GlobalSection(SolutionConfigurationPlatforms) = preSolution
		Debug|Any CPU = Debug|Any CPU
		Release|Any CPU = Release|Any CPU
	EndGlobalSection
	GlobalSection(ProjectConfigurationPlatforms) = postSolution
		{3C97B637-0D4D-4BFE-B9A3-7F70729C3ED8}.Debug|Any CPU.ActiveCfg = Debug|Any CPU
		{3C97B637-0D4D-4BFE-B9A3-7F70729C3ED8}.Debug|Any CPU.Build.0 = Debug|Any CPU
		{3C97B637-0D4D-4BFE-B9A3-7F70729C3ED8}.Release|Any CPU.ActiveCfg = Release|Any CPU
		{3C97B637-0D4D-4BFE-B9A3-7F70729C3ED8}.Release|Any CPU.Build.0 = Release|Any CPU
		{65BAB638-3B59-4DFA-B304-315649966CF3}.Debug|Any CPU.ActiveCfg = Debug|Any CPU
		{65BAB638-3B59-4DFA-B304-315649966CF3}.Debug|Any CPU.Build.0 = Debug|Any CPU
		{65BAB638-3B59-4DFA-B304-315649966CF3}.Release|Any CPU.ActiveCfg = Release|Any CPU
		{65BAB638-3B59-4DFA-B304-315649966CF3}.Release|Any CPU.Build.0 = Release|Any CPU
		{5D9D553C-8753-42D2-B918-C592292D19F0}.Debug|Any CPU.ActiveCfg = Debug|Any CPU
		{5D9D553C-8753-42D2-B918-C592292D19F0}.Debug|Any CPU.Build.0 = Debug|Any CPU
		{5D9D553C-8753-42D2-B918-C592292D19F0}.Release|Any CPU.ActiveCfg = Release|Any CPU
		{5D9D553C-8753-42D2-B918-C592292D19F0}.Release|Any CPU.Build.0 = Release|Any CPU
		{219F0E62-3CD9-44C3-9C26-E87357E40E4F}.Debug|Any CPU.ActiveCfg = Debug|Any CPU
		{219F0E62-3CD9-44C3-9C26-E87357E40E4F}.Debug|Any CPU.Build.0 = Debug|Any CPU
		{219F0E62-3CD9-44C3-9C26-E87357E40E4F}.Release|Any CPU.ActiveCfg = Release|Any CPU
		{219F0E62-3CD9-44C3-9C26-E87357E40E4F}.Release|Any CPU.Build.0 = Release|Any CPU
		{87926F3F-80AB-4C0F-862F-28759EE78ED8}.Debug|Any CPU.ActiveCfg = Debug|Any CPU
		{87926F3F-80AB-4C0F-862F-28759EE78ED8}.Debug|Any CPU.Build.0 = Debug|Any CPU
		{87926F3F-80AB-4C0F-862F-28759EE78ED8}.Release|Any CPU.ActiveCfg = Release|Any CPU
		{87926F3F-80AB-4C0F-862F-28759EE78ED8}.Release|Any CPU.Build.0 = Release|Any CPU
		{A22B8DE7-B492-4C33-B640-BF5F2A23AAAE}.Debug|Any CPU.ActiveCfg = Debug|Any CPU
		{A22B8DE7-B492-4C33-B640-BF5F2A23AAAE}.Debug|Any CPU.Build.0 = Debug|Any CPU
		{A22B8DE7-B492-4C33-B640-BF5F2A23AAAE}.Release|Any CPU.ActiveCfg = Release|Any CPU
		{A22B8DE7-B492-4C33-B640-BF5F2A23AAAE}.Release|Any CPU.Build.0 = Release|Any CPU
		{99FF6931-BC56-43CC-B6ED-57F8850626BF}.Debug|Any CPU.ActiveCfg = Debug|Any CPU
		{99FF6931-BC56-43CC-B6ED-57F8850626BF}.Debug|Any CPU.Build.0 = Debug|Any CPU
		{99FF6931-BC56-43CC-B6ED-57F8850626BF}.Release|Any CPU.ActiveCfg = Release|Any CPU
		{99FF6931-BC56-43CC-B6ED-57F8850626BF}.Release|Any CPU.Build.0 = Release|Any CPU
		{913FAF1A-89AA-4C92-B233-CBF7F7D4F88F}.Debug|Any CPU.ActiveCfg = Debug|Any CPU
		{913FAF1A-89AA-4C92-B233-CBF7F7D4F88F}.Debug|Any CPU.Build.0 = Debug|Any CPU
		{913FAF1A-89AA-4C92-B233-CBF7F7D4F88F}.Release|Any CPU.ActiveCfg = Release|Any CPU
		{913FAF1A-89AA-4C92-B233-CBF7F7D4F88F}.Release|Any CPU.Build.0 = Release|Any CPU
		{B3CD11F1-1198-49E4-97F4-286963146A9E}.Debug|Any CPU.ActiveCfg = Debug|Any CPU
		{B3CD11F1-1198-49E4-97F4-286963146A9E}.Debug|Any CPU.Build.0 = Debug|Any CPU
		{B3CD11F1-1198-49E4-97F4-286963146A9E}.Release|Any CPU.ActiveCfg = Release|Any CPU
		{B3CD11F1-1198-49E4-97F4-286963146A9E}.Release|Any CPU.Build.0 = Release|Any CPU
		{AF6C2C5F-7288-44F6-B804-EE3FA164B0E9}.Debug|Any CPU.ActiveCfg = Debug|Any CPU
		{AF6C2C5F-7288-44F6-B804-EE3FA164B0E9}.Debug|Any CPU.Build.0 = Debug|Any CPU
		{AF6C2C5F-7288-44F6-B804-EE3FA164B0E9}.Release|Any CPU.ActiveCfg = Release|Any CPU
		{AF6C2C5F-7288-44F6-B804-EE3FA164B0E9}.Release|Any CPU.Build.0 = Release|Any CPU
		{FE3BCA3A-9621-4E1D-BA6D-9BC9EF67A787}.Debug|Any CPU.ActiveCfg = Debug|Any CPU
		{FE3BCA3A-9621-4E1D-BA6D-9BC9EF67A787}.Debug|Any CPU.Build.0 = Debug|Any CPU
		{FE3BCA3A-9621-4E1D-BA6D-9BC9EF67A787}.Release|Any CPU.ActiveCfg = Release|Any CPU
		{FE3BCA3A-9621-4E1D-BA6D-9BC9EF67A787}.Release|Any CPU.Build.0 = Release|Any CPU
	EndGlobalSection
	GlobalSection(SolutionProperties) = preSolution
		HideSolutionNode = FALSE
	EndGlobalSection
	GlobalSection(NestedProjects) = preSolution
		{3C97B637-0D4D-4BFE-B9A3-7F70729C3ED8} = {8DA51B54-94C3-4343-8A1A-FBA28AFFCF20}
		{65BAB638-3B59-4DFA-B304-315649966CF3} = {8DA51B54-94C3-4343-8A1A-FBA28AFFCF20}
		{5D9D553C-8753-42D2-B918-C592292D19F0} = {8DA51B54-94C3-4343-8A1A-FBA28AFFCF20}
		{219F0E62-3CD9-44C3-9C26-E87357E40E4F} = {8C0DFB5F-4237-4AA6-A762-D0E83F7C12E5}
		{87926F3F-80AB-4C0F-862F-28759EE78ED8} = {8C0DFB5F-4237-4AA6-A762-D0E83F7C12E5}
		{A22B8DE7-B492-4C33-B640-BF5F2A23AAAE} = {8C0DFB5F-4237-4AA6-A762-D0E83F7C12E5}
		{99FF6931-BC56-43CC-B6ED-57F8850626BF} = {8C0DFB5F-4237-4AA6-A762-D0E83F7C12E5}
		{913FAF1A-89AA-4C92-B233-CBF7F7D4F88F} = {8C0DFB5F-4237-4AA6-A762-D0E83F7C12E5}
		{B3CD11F1-1198-49E4-97F4-286963146A9E} = {8C0DFB5F-4237-4AA6-A762-D0E83F7C12E5}
		{AF6C2C5F-7288-44F6-B804-EE3FA164B0E9} = {8C0DFB5F-4237-4AA6-A762-D0E83F7C12E5}
		{FE3BCA3A-9621-4E1D-BA6D-9BC9EF67A787} = {8C0DFB5F-4237-4AA6-A762-D0E83F7C12E5}
	EndGlobalSection
	GlobalSection(ExtensibilityGlobals) = postSolution
		SolutionGuid = {C7D68074-5468-4347-88DF-43B2863937FB}
	EndGlobalSection
EndGlobal
